
Microsoft Visual Studio Solution File, Format Version 12.00
# Visual Studio Version 17
VisualStudioVersion = 17.6.33723.286
MinimumVisualStudioVersion = 10.0.40219.1
Project("{FAE04EC0-301F-11D3-BF4B-00C04F79EFBC}") = "bytebank_GeradorChavePix", "bytebank_GeradorChavePix.csproj", "{6685FA81-E31E-4B82-A8B9-E2CF789D469E}"
EndProject
Global
	GlobalSection(SolutionConfigurationPlatforms) = preSolution
		Debug|Any CPU = Debug|Any CPU
		Release|Any CPU = Release|Any CPU
	EndGlobalSection
	GlobalSection(ProjectConfigurationPlatforms) = postSolution
		{6685FA81-E31E-4B82-A8B9-E2CF789D469E}.Debug|Any CPU.ActiveCfg = Debug|Any CPU
		{6685FA81-E31E-4B82-A8B9-E2CF789D469E}.Debug|Any CPU.Build.0 = Debug|Any CPU
		{6685FA81-E31E-4B82-A8B9-E2CF789D469E}.Release|Any CPU.ActiveCfg = Release|Any CPU
		{6685FA81-E31E-4B82-A8B9-E2CF789D469E}.Release|Any CPU.Build.0 = Release|Any CPU
	EndGlobalSection
	GlobalSection(SolutionProperties) = preSolution
		HideSolutionNode = FALSE
	EndGlobalSection
	GlobalSection(ExtensibilityGlobals) = postSolution
		SolutionGuid = {79E93381-D730-4C10-AFEF-79C4E934348C}
	EndGlobalSection
EndGlobal
